
Microsoft Visual Studio Solution File, Format Version 12.00
# Visual Studio Version 17
VisualStudioVersion = 17.0.31903.59
MinimumVisualStudioVersion = 10.0.40219.1
Project("{2150E333-8FDC-42A3-9474-1A3956D46DE8}") = "src", "src", "{17E0CC32-F33F-4B4A-B232-338255F30933}"
EndProject
Project("{2150E333-8FDC-42A3-9474-1A3956D46DE8}") = "Backend", "Backend", "{8462A87C-C502-4FD5-8949-CCA7B773A742}"
EndProject
Project("{FAE04EC0-301F-11D3-BF4B-00C04F79EFBC}") = "CRM.Domain", "src\Backend\CRM.Domain\CRM.Domain.csproj", "{406F2D1F-969C-4D2B-9CC9-30914271DB9B}"
EndProject
Project("{FAE04EC0-301F-11D3-BF4B-00C04F79EFBC}") = "CRM.Application", "src\Backend\CRM.Application\CRM.Application.csproj", "{DEDA85BE-860F-4A18-8C00-90AB67B979E5}"
EndProject
Project("{FAE04EC0-301F-11D3-BF4B-00C04F79EFBC}") = "CRM.Infrastructure", "src\Backend\CRM.Infrastructure\CRM.Infrastructure.csproj", "{6571BE3A-6EA0-4527-AC39-AE7397BB2B66}"
EndProject
Project("{FAE04EC0-301F-11D3-BF4B-00C04F79EFBC}") = "CRM.Shared", "src\Backend\CRM.Shared\CRM.Shared.csproj", "{EB1FA37C-1F5B-4998-BEEC-C2BA68358447}"
EndProject
Project("{2150E333-8FDC-42A3-9474-1A3956D46DE8}") = "tests", "tests", "{1997C173-CEA4-4072-9281-EC0EC1FB9A44}"
EndProject
Project("{FAE04EC0-301F-11D3-BF4B-00C04F79EFBC}") = "CRM.Tests", "tests\CRM.Tests\CRM.Tests.csproj", "{18D161F6-C692-4C97-A538-0957498DC191}"
EndProject
Project("{FAE04EC0-301F-11D3-BF4B-00C04F79EFBC}") = "CRM.Migrator", "src\Backend\CRM.Migrator\CRM.Migrator.csproj", "{B4A46139-5786-4BEE-8379-2376EECF282F}"
EndProject
Global
	GlobalSection(SolutionConfigurationPlatforms) = preSolution
		Debug|Any CPU = Debug|Any CPU
		Release|Any CPU = Release|Any CPU
	EndGlobalSection
	GlobalSection(SolutionProperties) = preSolution
		HideSolutionNode = FALSE
	EndGlobalSection
	GlobalSection(ProjectConfigurationPlatforms) = postSolution
		{406F2D1F-969C-4D2B-9CC9-30914271DB9B}.Debug|Any CPU.ActiveCfg = Debug|Any CPU
		{406F2D1F-969C-4D2B-9CC9-30914271DB9B}.Debug|Any CPU.Build.0 = Debug|Any CPU
		{406F2D1F-969C-4D2B-9CC9-30914271DB9B}.Release|Any CPU.ActiveCfg = Release|Any CPU
		{406F2D1F-969C-4D2B-9CC9-30914271DB9B}.Release|Any CPU.Build.0 = Release|Any CPU
		{DEDA85BE-860F-4A18-8C00-90AB67B979E5}.Debug|Any CPU.ActiveCfg = Debug|Any CPU
		{DEDA85BE-860F-4A18-8C00-90AB67B979E5}.Debug|Any CPU.Build.0 = Debug|Any CPU
		{DEDA85BE-860F-4A18-8C00-90AB67B979E5}.Release|Any CPU.ActiveCfg = Release|Any CPU
		{DEDA85BE-860F-4A18-8C00-90AB67B979E5}.Release|Any CPU.Build.0 = Release|Any CPU
		{6571BE3A-6EA0-4527-AC39-AE7397BB2B66}.Debug|Any CPU.ActiveCfg = Debug|Any CPU
		{6571BE3A-6EA0-4527-AC39-AE7397BB2B66}.Debug|Any CPU.Build.0 = Debug|Any CPU
		{6571BE3A-6EA0-4527-AC39-AE7397BB2B66}.Release|Any CPU.ActiveCfg = Release|Any CPU
		{6571BE3A-6EA0-4527-AC39-AE7397BB2B66}.Release|Any CPU.Build.0 = Release|Any CPU
		{EB1FA37C-1F5B-4998-BEEC-C2BA68358447}.Debug|Any CPU.ActiveCfg = Debug|Any CPU
		{EB1FA37C-1F5B-4998-BEEC-C2BA68358447}.Debug|Any CPU.Build.0 = Debug|Any CPU
		{EB1FA37C-1F5B-4998-BEEC-C2BA68358447}.Release|Any CPU.ActiveCfg = Release|Any CPU
		{EB1FA37C-1F5B-4998-BEEC-C2BA68358447}.Release|Any CPU.Build.0 = Release|Any CPU
		{18D161F6-C692-4C97-A538-0957498DC191}.Debug|Any CPU.ActiveCfg = Debug|Any CPU
		{18D161F6-C692-4C97-A538-0957498DC191}.Debug|Any CPU.Build.0 = Debug|Any CPU
		{18D161F6-C692-4C97-A538-0957498DC191}.Release|Any CPU.ActiveCfg = Release|Any CPU
		{18D161F6-C692-4C97-A538-0957498DC191}.Release|Any CPU.Build.0 = Release|Any CPU
		{B4A46139-5786-4BEE-8379-2376EECF282F}.Debug|Any CPU.ActiveCfg = Debug|Any CPU
		{B4A46139-5786-4BEE-8379-2376EECF282F}.Debug|Any CPU.Build.0 = Debug|Any CPU
		{B4A46139-5786-4BEE-8379-2376EECF282F}.Release|Any CPU.ActiveCfg = Release|Any CPU
		{B4A46139-5786-4BEE-8379-2376EECF282F}.Release|Any CPU.Build.0 = Release|Any CPU
	EndGlobalSection
	GlobalSection(NestedProjects) = preSolution
		{8462A87C-C502-4FD5-8949-CCA7B773A742} = {17E0CC32-F33F-4B4A-B232-338255F30933}
		{406F2D1F-969C-4D2B-9CC9-30914271DB9B} = {8462A87C-C502-4FD5-8949-CCA7B773A742}
		{DEDA85BE-860F-4A18-8C00-90AB67B979E5} = {8462A87C-C502-4FD5-8949-CCA7B773A742}
		{6571BE3A-6EA0-4527-AC39-AE7397BB2B66} = {8462A87C-C502-4FD5-8949-CCA7B773A742}
		{EB1FA37C-1F5B-4998-BEEC-C2BA68358447} = {8462A87C-C502-4FD5-8949-CCA7B773A742}
		{18D161F6-C692-4C97-A538-0957498DC191} = {1997C173-CEA4-4072-9281-EC0EC1FB9A44}
		{B4A46139-5786-4BEE-8379-2376EECF282F} = {8462A87C-C502-4FD5-8949-CCA7B773A742}
	EndGlobalSection
EndGlobal
